
Microsoft Visual Studio Solution File, Format Version 12.00
# Visual Studio 15
Project("{FAE04EC0-301F-11D3-BF4B-00C04F79EFBC}") = "UnityEngine.TestRunner", "UnityEngine.TestRunner.csproj", "{C925CAAC-333F-77DB-3B34-2CA18E1C3C77}"
EndProject
Project("{FAE04EC0-301F-11D3-BF4B-00C04F79EFBC}") = "UnityEngine.XR.LegacyInputHelpers", "UnityEngine.XR.LegacyInputHelpers.csproj", "{BA8ABBF0-1FCD-A4F4-7F87-9D2F8EA2F3D5}"
EndProject
Project("{FAE04EC0-301F-11D3-BF4B-00C04F79EFBC}") = "Unity.InputSystem", "Unity.InputSystem.csproj", "{13FA43E0-8A4C-310E-8C35-8CD183E352A1}"
EndProject
Project("{FAE04EC0-301F-11D3-BF4B-00C04F79EFBC}") = "Unity.TextMeshPro", "Unity.TextMeshPro.csproj", "{B1BD080C-B7B5-54BA-B9C7-C96ECAEACF6D}"
EndProject
Project("{FAE04EC0-301F-11D3-BF4B-00C04F79EFBC}") = "Unity.XR.Oculus", "Unity.XR.Oculus.csproj", "{C7C5CDD3-F1E3-0DFB-C3D9-DA7FD2A55F39}"
EndProject
Project("{FAE04EC0-301F-11D3-BF4B-00C04F79EFBC}") = "Unity.XR.Management", "Unity.XR.Management.csproj", "{BC421B2D-3D19-8E6D-B5CF-47B45224F702}"
EndProject
Project("{FAE04EC0-301F-11D3-BF4B-00C04F79EFBC}") = "Unity.XR.OpenXR", "Unity.XR.OpenXR.csproj", "{2B428E68-4B64-1F32-1F1F-EC134FFE9B18}"
EndProject
Project("{FAE04EC0-301F-11D3-BF4B-00C04F79EFBC}") = "Unity.XR.OpenXR.Features.MockDriver", "Unity.XR.OpenXR.Features.MockDriver.csproj", "{4F2AEF98-56BC-E761-F20C-81C0CC5BA830}"
EndProject
Project("{FAE04EC0-301F-11D3-BF4B-00C04F79EFBC}") = "Assembly-CSharp", "Assembly-CSharp.csproj", "{9A413ECF-F8D1-4C92-26DC-65095EDFE8F4}"
EndProject
Project("{FAE04EC0-301F-11D3-BF4B-00C04F79EFBC}") = "Unity.XR.OpenXR.Features.ConformanceAutomation", "Unity.XR.OpenXR.Features.ConformanceAutomation.csproj", "{A3032F1C-5CF6-8A26-8682-4930FCD3B5A7}"
EndProject
Project("{FAE04EC0-301F-11D3-BF4B-00C04F79EFBC}") = "Unity.XR.OpenXR.TestHelpers", "Unity.XR.OpenXR.TestHelpers.csproj", "{6076025D-1C80-62A2-B539-E65238DE8BF8}"
EndProject
Project("{FAE04EC0-301F-11D3-BF4B-00C04F79EFBC}") = "Unity.XR.OpenXR.Features.MockRuntime", "Unity.XR.OpenXR.Features.MockRuntime.csproj", "{FD9E337E-F356-856F-1A8D-3482FE871F9B}"
EndProject
Project("{FAE04EC0-301F-11D3-BF4B-00C04F79EFBC}") = "Unity.Subsystem.Registration", "Unity.Subsystem.Registration.csproj", "{8C85B8FF-9007-F439-5139-78095A26D82C}"
EndProject
Project("{FAE04EC0-301F-11D3-BF4B-00C04F79EFBC}") = "UnityEngine.SpatialTracking", "UnityEngine.SpatialTracking.csproj", "{6A4AD146-E9F8-FCAF-47BE-412D90BA1AC4}"
EndProject
Project("{FAE04EC0-301F-11D3-BF4B-00C04F79EFBC}") = "Unity.XR.OpenXR.Features.RuntimeDebugger", "Unity.XR.OpenXR.Features.RuntimeDebugger.csproj", "{7E735F64-1F7B-FBC1-2B69-25B093FB0308}"
EndProject
Project("{FAE04EC0-301F-11D3-BF4B-00C04F79EFBC}") = "Unity.XR.Management.Editor", "Unity.XR.Management.Editor.csproj", "{AD21E828-264A-A928-3FF2-B61E2F479826}"
EndProject
Project("{FAE04EC0-301F-11D3-BF4B-00C04F79EFBC}") = "UnityEditor.TestRunner", "UnityEditor.TestRunner.csproj", "{19A4C67F-9D71-26C3-3B3C-7272B2673702}"
EndProject
Project("{FAE04EC0-301F-11D3-BF4B-00C04F79EFBC}") = "Unity.XR.OpenXR.Editor", "Unity.XR.OpenXR.Editor.csproj", "{50E03323-D6FB-EE08-6CF5-4C2ACD94A1F6}"
EndProject
Project("{FAE04EC0-301F-11D3-BF4B-00C04F79EFBC}") = "Unity.VisualStudio.Editor", "Unity.VisualStudio.Editor.csproj", "{C321DF5F-3812-9CC2-337A-F3DA53DD47D2}"
EndProject
Project("{FAE04EC0-301F-11D3-BF4B-00C04F79EFBC}") = "Unity.TextMeshPro.Editor", "Unity.TextMeshPro.Editor.csproj", "{7CC1B9CD-6F56-88DC-3787-CEF9677F29CF}"
EndProject
Project("{FAE04EC0-301F-11D3-BF4B-00C04F79EFBC}") = "UnityEditor.XR.LegacyInputHelpers", "UnityEditor.XR.LegacyInputHelpers.csproj", "{3F8A7FE4-07B7-DE5A-8E47-71863C413B21}"
EndProject
Project("{FAE04EC0-301F-11D3-BF4B-00C04F79EFBC}") = "UnityEditor.SpatialTracking", "UnityEditor.SpatialTracking.csproj", "{C9CA8D8E-415E-5A41-D80E-2A0B32A242BA}"
EndProject
Project("{FAE04EC0-301F-11D3-BF4B-00C04F79EFBC}") = "Unity.XR.Oculus.Editor", "Unity.XR.Oculus.Editor.csproj", "{0AD1887B-6CDD-6242-C627-F60824BB9189}"
EndProject
Project("{FAE04EC0-301F-11D3-BF4B-00C04F79EFBC}") = "Unity.XR.OpenXR.Features.RuntimeDebugger.Editor", "Unity.XR.OpenXR.Features.RuntimeDebugger.Editor.csproj", "{FC5B0B0A-E7E5-4752-6AE7-0A34A25A273A}"
EndProject
Global
	GlobalSection(SolutionConfigurationPlatforms) = preSolution
		Debug|Any CPU = Debug|Any CPU
		Release|Any CPU = Release|Any CPU
	EndGlobalSection
	GlobalSection(ProjectConfigurationPlatforms) = postSolution
		{C925CAAC-333F-77DB-3B34-2CA18E1C3C77}.Debug|Any CPU.ActiveCfg = Debug|Any CPU
		{C925CAAC-333F-77DB-3B34-2CA18E1C3C77}.Debug|Any CPU.Build.0 = Debug|Any CPU
		{C925CAAC-333F-77DB-3B34-2CA18E1C3C77}.Release|Any CPU.ActiveCfg = Release|Any CPU
		{C925CAAC-333F-77DB-3B34-2CA18E1C3C77}.Release|Any CPU.Build.0 = Release|Any CPU
		{BA8ABBF0-1FCD-A4F4-7F87-9D2F8EA2F3D5}.Debug|Any CPU.ActiveCfg = Debug|Any CPU
		{BA8ABBF0-1FCD-A4F4-7F87-9D2F8EA2F3D5}.Debug|Any CPU.Build.0 = Debug|Any CPU
		{BA8ABBF0-1FCD-A4F4-7F87-9D2F8EA2F3D5}.Release|Any CPU.ActiveCfg = Release|Any CPU
		{BA8ABBF0-1FCD-A4F4-7F87-9D2F8EA2F3D5}.Release|Any CPU.Build.0 = Release|Any CPU
		{13FA43E0-8A4C-310E-8C35-8CD183E352A1}.Debug|Any CPU.ActiveCfg = Debug|Any CPU
		{13FA43E0-8A4C-310E-8C35-8CD183E352A1}.Debug|Any CPU.Build.0 = Debug|Any CPU
		{13FA43E0-8A4C-310E-8C35-8CD183E352A1}.Release|Any CPU.ActiveCfg = Release|Any CPU
		{13FA43E0-8A4C-310E-8C35-8CD183E352A1}.Release|Any CPU.Build.0 = Release|Any CPU
		{B1BD080C-B7B5-54BA-B9C7-C96ECAEACF6D}.Debug|Any CPU.ActiveCfg = Debug|Any CPU
		{B1BD080C-B7B5-54BA-B9C7-C96ECAEACF6D}.Debug|Any CPU.Build.0 = Debug|Any CPU
		{B1BD080C-B7B5-54BA-B9C7-C96ECAEACF6D}.Release|Any CPU.ActiveCfg = Release|Any CPU
		{B1BD080C-B7B5-54BA-B9C7-C96ECAEACF6D}.Release|Any CPU.Build.0 = Release|Any CPU
		{C7C5CDD3-F1E3-0DFB-C3D9-DA7FD2A55F39}.Debug|Any CPU.ActiveCfg = Debug|Any CPU
		{C7C5CDD3-F1E3-0DFB-C3D9-DA7FD2A55F39}.Debug|Any CPU.Build.0 = Debug|Any CPU
		{C7C5CDD3-F1E3-0DFB-C3D9-DA7FD2A55F39}.Release|Any CPU.ActiveCfg = Release|Any CPU
		{C7C5CDD3-F1E3-0DFB-C3D9-DA7FD2A55F39}.Release|Any CPU.Build.0 = Release|Any CPU
		{BC421B2D-3D19-8E6D-B5CF-47B45224F702}.Debug|Any CPU.ActiveCfg = Debug|Any CPU
		{BC421B2D-3D19-8E6D-B5CF-47B45224F702}.Debug|Any CPU.Build.0 = Debug|Any CPU
		{BC421B2D-3D19-8E6D-B5CF-47B45224F702}.Release|Any CPU.ActiveCfg = Release|Any CPU
		{BC421B2D-3D19-8E6D-B5CF-47B45224F702}.Release|Any CPU.Build.0 = Release|Any CPU
		{2B428E68-4B64-1F32-1F1F-EC134FFE9B18}.Debug|Any CPU.ActiveCfg = Debug|Any CPU
		{2B428E68-4B64-1F32-1F1F-EC134FFE9B18}.Debug|Any CPU.Build.0 = Debug|Any CPU
		{2B428E68-4B64-1F32-1F1F-EC134FFE9B18}.Release|Any CPU.ActiveCfg = Release|Any CPU
		{2B428E68-4B64-1F32-1F1F-EC134FFE9B18}.Release|Any CPU.Build.0 = Release|Any CPU
		{4F2AEF98-56BC-E761-F20C-81C0CC5BA830}.Debug|Any CPU.ActiveCfg = Debug|Any CPU
		{4F2AEF98-56BC-E761-F20C-81C0CC5BA830}.Debug|Any CPU.Build.0 = Debug|Any CPU
		{4F2AEF98-56BC-E761-F20C-81C0CC5BA830}.Release|Any CPU.ActiveCfg = Release|Any CPU
		{4F2AEF98-56BC-E761-F20C-81C0CC5BA830}.Release|Any CPU.Build.0 = Release|Any CPU
		{9A413ECF-F8D1-4C92-26DC-65095EDFE8F4}.Debug|Any CPU.ActiveCfg = Debug|Any CPU
		{9A413ECF-F8D1-4C92-26DC-65095EDFE8F4}.Debug|Any CPU.Build.0 = Debug|Any CPU
		{9A413ECF-F8D1-4C92-26DC-65095EDFE8F4}.Release|Any CPU.ActiveCfg = Release|Any CPU
		{9A413ECF-F8D1-4C92-26DC-65095EDFE8F4}.Release|Any CPU.Build.0 = Release|Any CPU
		{A3032F1C-5CF6-8A26-8682-4930FCD3B5A7}.Debug|Any CPU.ActiveCfg = Debug|Any CPU
		{A3032F1C-5CF6-8A26-8682-4930FCD3B5A7}.Debug|Any CPU.Build.0 = Debug|Any CPU
		{A3032F1C-5CF6-8A26-8682-4930FCD3B5A7}.Release|Any CPU.ActiveCfg = Release|Any CPU
		{A3032F1C-5CF6-8A26-8682-4930FCD3B5A7}.Release|Any CPU.Build.0 = Release|Any CPU
		{6076025D-1C80-62A2-B539-E65238DE8BF8}.Debug|Any CPU.ActiveCfg = Debug|Any CPU
		{6076025D-1C80-62A2-B539-E65238DE8BF8}.Debug|Any CPU.Build.0 = Debug|Any CPU
		{6076025D-1C80-62A2-B539-E65238DE8BF8}.Release|Any CPU.ActiveCfg = Release|Any CPU
		{6076025D-1C80-62A2-B539-E65238DE8BF8}.Release|Any CPU.Build.0 = Release|Any CPU
		{FD9E337E-F356-856F-1A8D-3482FE871F9B}.Debug|Any CPU.ActiveCfg = Debug|Any CPU
		{FD9E337E-F356-856F-1A8D-3482FE871F9B}.Debug|Any CPU.Build.0 = Debug|Any CPU
		{FD9E337E-F356-856F-1A8D-3482FE871F9B}.Release|Any CPU.ActiveCfg = Release|Any CPU
		{FD9E337E-F356-856F-1A8D-3482FE871F9B}.Release|Any CPU.Build.0 = Release|Any CPU
		{8C85B8FF-9007-F439-5139-78095A26D82C}.Debug|Any CPU.ActiveCfg = Debug|Any CPU
		{8C85B8FF-9007-F439-5139-78095A26D82C}.Debug|Any CPU.Build.0 = Debug|Any CPU
		{8C85B8FF-9007-F439-5139-78095A26D82C}.Release|Any CPU.ActiveCfg = Release|Any CPU
		{8C85B8FF-9007-F439-5139-78095A26D82C}.Release|Any CPU.Build.0 = Release|Any CPU
		{6A4AD146-E9F8-FCAF-47BE-412D90BA1AC4}.Debug|Any CPU.ActiveCfg = Debug|Any CPU
		{6A4AD146-E9F8-FCAF-47BE-412D90BA1AC4}.Debug|Any CPU.Build.0 = Debug|Any CPU
		{6A4AD146-E9F8-FCAF-47BE-412D90BA1AC4}.Release|Any CPU.ActiveCfg = Release|Any CPU
		{6A4AD146-E9F8-FCAF-47BE-412D90BA1AC4}.Release|Any CPU.Build.0 = Release|Any CPU
		{7E735F64-1F7B-FBC1-2B69-25B093FB0308}.Debug|Any CPU.ActiveCfg = Debug|Any CPU
		{7E735F64-1F7B-FBC1-2B69-25B093FB0308}.Debug|Any CPU.Build.0 = Debug|Any CPU
		{7E735F64-1F7B-FBC1-2B69-25B093FB0308}.Release|Any CPU.ActiveCfg = Release|Any CPU
		{7E735F64-1F7B-FBC1-2B69-25B093FB0308}.Release|Any CPU.Build.0 = Release|Any CPU
		{AD21E828-264A-A928-3FF2-B61E2F479826}.Debug|Any CPU.ActiveCfg = Debug|Any CPU
		{AD21E828-264A-A928-3FF2-B61E2F479826}.Debug|Any CPU.Build.0 = Debug|Any CPU
		{AD21E828-264A-A928-3FF2-B61E2F479826}.Release|Any CPU.ActiveCfg = Release|Any CPU
		{AD21E828-264A-A928-3FF2-B61E2F479826}.Release|Any CPU.Build.0 = Release|Any CPU
		{19A4C67F-9D71-26C3-3B3C-7272B2673702}.Debug|Any CPU.ActiveCfg = Debug|Any CPU
		{19A4C67F-9D71-26C3-3B3C-7272B2673702}.Debug|Any CPU.Build.0 = Debug|Any CPU
		{19A4C67F-9D71-26C3-3B3C-7272B2673702}.Release|Any CPU.ActiveCfg = Release|Any CPU
		{19A4C67F-9D71-26C3-3B3C-7272B2673702}.Release|Any CPU.Build.0 = Release|Any CPU
		{50E03323-D6FB-EE08-6CF5-4C2ACD94A1F6}.Debug|Any CPU.ActiveCfg = Debug|Any CPU
		{50E03323-D6FB-EE08-6CF5-4C2ACD94A1F6}.Debug|Any CPU.Build.0 = Debug|Any CPU
		{50E03323-D6FB-EE08-6CF5-4C2ACD94A1F6}.Release|Any CPU.ActiveCfg = Release|Any CPU
		{50E03323-D6FB-EE08-6CF5-4C2ACD94A1F6}.Release|Any CPU.Build.0 = Release|Any CPU
		{C321DF5F-3812-9CC2-337A-F3DA53DD47D2}.Debug|Any CPU.ActiveCfg = Debug|Any CPU
		{C321DF5F-3812-9CC2-337A-F3DA53DD47D2}.Debug|Any CPU.Build.0 = Debug|Any CPU
		{C321DF5F-3812-9CC2-337A-F3DA53DD47D2}.Release|Any CPU.ActiveCfg = Release|Any CPU
		{C321DF5F-3812-9CC2-337A-F3DA53DD47D2}.Release|Any CPU.Build.0 = Release|Any CPU
		{7CC1B9CD-6F56-88DC-3787-CEF9677F29CF}.Debug|Any CPU.ActiveCfg = Debug|Any CPU
		{7CC1B9CD-6F56-88DC-3787-CEF9677F29CF}.Debug|Any CPU.Build.0 = Debug|Any CPU
		{7CC1B9CD-6F56-88DC-3787-CEF9677F29CF}.Release|Any CPU.ActiveCfg = Release|Any CPU
		{7CC1B9CD-6F56-88DC-3787-CEF9677F29CF}.Release|Any CPU.Build.0 = Release|Any CPU
		{3F8A7FE4-07B7-DE5A-8E47-71863C413B21}.Debug|Any CPU.ActiveCfg = Debug|Any CPU
		{3F8A7FE4-07B7-DE5A-8E47-71863C413B21}.Debug|Any CPU.Build.0 = Debug|Any CPU
		{3F8A7FE4-07B7-DE5A-8E47-71863C413B21}.Release|Any CPU.ActiveCfg = Release|Any CPU
		{3F8A7FE4-07B7-DE5A-8E47-71863C413B21}.Release|Any CPU.Build.0 = Release|Any CPU
		{C9CA8D8E-415E-5A41-D80E-2A0B32A242BA}.Debug|Any CPU.ActiveCfg = Debug|Any CPU
		{C9CA8D8E-415E-5A41-D80E-2A0B32A242BA}.Debug|Any CPU.Build.0 = Debug|Any CPU
		{C9CA8D8E-415E-5A41-D80E-2A0B32A242BA}.Release|Any CPU.ActiveCfg = Release|Any CPU
		{C9CA8D8E-415E-5A41-D80E-2A0B32A242BA}.Release|Any CPU.Build.0 = Release|Any CPU
		{0AD1887B-6CDD-6242-C627-F60824BB9189}.Debug|Any CPU.ActiveCfg = Debug|Any CPU
		{0AD1887B-6CDD-6242-C627-F60824BB9189}.Debug|Any CPU.Build.0 = Debug|Any CPU
		{0AD1887B-6CDD-6242-C627-F60824BB9189}.Release|Any CPU.ActiveCfg = Release|Any CPU
		{0AD1887B-6CDD-6242-C627-F60824BB9189}.Release|Any CPU.Build.0 = Release|Any CPU
		{FC5B0B0A-E7E5-4752-6AE7-0A34A25A273A}.Debug|Any CPU.ActiveCfg = Debug|Any CPU
		{FC5B0B0A-E7E5-4752-6AE7-0A34A25A273A}.Debug|Any CPU.Build.0 = Debug|Any CPU
		{FC5B0B0A-E7E5-4752-6AE7-0A34A25A273A}.Release|Any CPU.ActiveCfg = Release|Any CPU
		{FC5B0B0A-E7E5-4752-6AE7-0A34A25A273A}.Release|Any CPU.Build.0 = Release|Any CPU
	EndGlobalSection
	GlobalSection(SolutionProperties) = preSolution
		HideSolutionNode = FALSE
	EndGlobalSection
EndGlobal
